
Microsoft Visual Studio Solution File, Format Version 12.00
# Visual Studio Version 16
VisualStudioVersion = 16.0.29709.97
MinimumVisualStudioVersion = 10.0.40219.1
Project("{FAE04EC0-301F-11D3-BF4B-00C04F79EFBC}") = "FAQ_Bot", "FAQ_Bot\FAQ_Bot.csproj", "{8A6AE370-3515-459D-9A27-7D9145C22F6D}"
EndProject
Global
	GlobalSection(SolutionConfigurationPlatforms) = preSolution
		Debug|Any CPU = Debug|Any CPU
		Release|Any CPU = Release|Any CPU
	EndGlobalSection
	GlobalSection(ProjectConfigurationPlatforms) = postSolution
		{8A6AE370-3515-459D-9A27-7D9145C22F6D}.Debug|Any CPU.ActiveCfg = Debug|Any CPU
		{8A6AE370-3515-459D-9A27-7D9145C22F6D}.Debug|Any CPU.Build.0 = Debug|Any CPU
		{8A6AE370-3515-459D-9A27-7D9145C22F6D}.Release|Any CPU.ActiveCfg = Release|Any CPU
		{8A6AE370-3515-459D-9A27-7D9145C22F6D}.Release|Any CPU.Build.0 = Release|Any CPU
	EndGlobalSection
	GlobalSection(SolutionProperties) = preSolution
		HideSolutionNode = FALSE
	EndGlobalSection
	GlobalSection(ExtensibilityGlobals) = postSolution
		SolutionGuid = {E1959E58-4730-4448-B13F-56701F8AC829}
	EndGlobalSection
EndGlobal
